
Microsoft Visual Studio Solution File, Format Version 12.00
# Visual Studio Version 17
VisualStudioVersion = 17.1.32228.430
MinimumVisualStudioVersion = 10.0.40219.1
Project("{FAE04EC0-301F-11D3-BF4B-00C04F79EFBC}") = "Text Editor", "Text Editor\Text Editor.csproj", "{F3A3FA31-ACD3-4E1B-973D-3242EB29DF1F}"
EndProject
Global
	GlobalSection(SolutionConfigurationPlatforms) = preSolution
		Debug|Any CPU = Debug|Any CPU
		Release|Any CPU = Release|Any CPU
	EndGlobalSection
	GlobalSection(ProjectConfigurationPlatforms) = postSolution
		{F3A3FA31-ACD3-4E1B-973D-3242EB29DF1F}.Debug|Any CPU.ActiveCfg = Debug|Any CPU
		{F3A3FA31-ACD3-4E1B-973D-3242EB29DF1F}.Debug|Any CPU.Build.0 = Debug|Any CPU
		{F3A3FA31-ACD3-4E1B-973D-3242EB29DF1F}.Release|Any CPU.ActiveCfg = Release|Any CPU
		{F3A3FA31-ACD3-4E1B-973D-3242EB29DF1F}.Release|Any CPU.Build.0 = Release|Any CPU
	EndGlobalSection
	GlobalSection(SolutionProperties) = preSolution
		HideSolutionNode = FALSE
	EndGlobalSection
	GlobalSection(ExtensibilityGlobals) = postSolution
		SolutionGuid = {5BFABF19-1C7B-4794-8538-0053E7E05A15}
	EndGlobalSection
EndGlobal
